
Microsoft Visual Studio Solution File, Format Version 12.00
# Visual Studio Version 16
VisualStudioVersion = 16.0.32602.291
MinimumVisualStudioVersion = 10.0.40219.1
Project("{FAE04EC0-301F-11D3-BF4B-00C04F79EFBC}") = "webMobile", "webMobile\webMobile.csproj", "{1622A5CE-F156-469B-9FD5-2FF88DDD4CC0}"
EndProject
Global
	GlobalSection(SolutionConfigurationPlatforms) = preSolution
		Debug|Any CPU = Debug|Any CPU
		Release|Any CPU = Release|Any CPU
	EndGlobalSection
	GlobalSection(ProjectConfigurationPlatforms) = postSolution
		{1622A5CE-F156-469B-9FD5-2FF88DDD4CC0}.Debug|Any CPU.ActiveCfg = Debug|Any CPU
		{1622A5CE-F156-469B-9FD5-2FF88DDD4CC0}.Debug|Any CPU.Build.0 = Debug|Any CPU
		{1622A5CE-F156-469B-9FD5-2FF88DDD4CC0}.Release|Any CPU.ActiveCfg = Release|Any CPU
		{1622A5CE-F156-469B-9FD5-2FF88DDD4CC0}.Release|Any CPU.Build.0 = Release|Any CPU
	EndGlobalSection
	GlobalSection(SolutionProperties) = preSolution
		HideSolutionNode = FALSE
	EndGlobalSection
	GlobalSection(ExtensibilityGlobals) = postSolution
		SolutionGuid = {8C8253C8-5F92-45E8-86C8-DA86F22F9CDF}
	EndGlobalSection
EndGlobal
